
Microsoft Visual Studio Solution File, Format Version 12.00
# Visual Studio Version 16
VisualStudioVersion = 16.0.30011.22
MinimumVisualStudioVersion = 10.0.40219.1
Project("{FAE04EC0-301F-11D3-BF4B-00C04F79EFBC}") = "Green_Collector", "Green_Collector\Green_Collector.csproj", "{B1766A86-1397-4A48-AF51-5A9B4A5C3B87}"
EndProject
Project("{FAE04EC0-301F-11D3-BF4B-00C04F79EFBC}") = "DataLibrary", "DataLibrary\DataLibrary.csproj", "{B947F24C-0046-4D11-8F67-A7D84F003697}"
EndProject
Project("{00D1A9C2-B5F0-4AF3-8072-F6C62B433612}") = "Database", "Database\Database.sqlproj", "{D0D30FFB-E84A-4564-A6C1-F3432369152E}"
EndProject
Global
	GlobalSection(SolutionConfigurationPlatforms) = preSolution
		Debug|Any CPU = Debug|Any CPU
		Release|Any CPU = Release|Any CPU
	EndGlobalSection
	GlobalSection(ProjectConfigurationPlatforms) = postSolution
		{B1766A86-1397-4A48-AF51-5A9B4A5C3B87}.Debug|Any CPU.ActiveCfg = Debug|Any CPU
		{B1766A86-1397-4A48-AF51-5A9B4A5C3B87}.Debug|Any CPU.Build.0 = Debug|Any CPU
		{B1766A86-1397-4A48-AF51-5A9B4A5C3B87}.Release|Any CPU.ActiveCfg = Release|Any CPU
		{B1766A86-1397-4A48-AF51-5A9B4A5C3B87}.Release|Any CPU.Build.0 = Release|Any CPU
		{B947F24C-0046-4D11-8F67-A7D84F003697}.Debug|Any CPU.ActiveCfg = Debug|Any CPU
		{B947F24C-0046-4D11-8F67-A7D84F003697}.Debug|Any CPU.Build.0 = Debug|Any CPU
		{B947F24C-0046-4D11-8F67-A7D84F003697}.Release|Any CPU.ActiveCfg = Release|Any CPU
		{B947F24C-0046-4D11-8F67-A7D84F003697}.Release|Any CPU.Build.0 = Release|Any CPU
		{D0D30FFB-E84A-4564-A6C1-F3432369152E}.Debug|Any CPU.ActiveCfg = Debug|Any CPU
		{D0D30FFB-E84A-4564-A6C1-F3432369152E}.Debug|Any CPU.Build.0 = Debug|Any CPU
		{D0D30FFB-E84A-4564-A6C1-F3432369152E}.Debug|Any CPU.Deploy.0 = Debug|Any CPU
		{D0D30FFB-E84A-4564-A6C1-F3432369152E}.Release|Any CPU.ActiveCfg = Release|Any CPU
		{D0D30FFB-E84A-4564-A6C1-F3432369152E}.Release|Any CPU.Build.0 = Release|Any CPU
		{D0D30FFB-E84A-4564-A6C1-F3432369152E}.Release|Any CPU.Deploy.0 = Release|Any CPU
	EndGlobalSection
	GlobalSection(SolutionProperties) = preSolution
		HideSolutionNode = FALSE
	EndGlobalSection
	GlobalSection(ExtensibilityGlobals) = postSolution
		SolutionGuid = {41F1A7B8-6841-4DF9-8F80-F951DEB3E5C9}
	EndGlobalSection
EndGlobal
